// !$*UTF8*$!
{
	archiveVersion = 1;
	classes = {
	};
	objectVersion = 50;
	objects = {

/* Begin PBXBuildFile section */
		D695276D24483E1400EFE9FF /* AppDelegate.swift in Sources */ = {isa = PBXBuildFile; fileRef = D695276C24483E1400EFE9FF /* AppDelegate.swift */; };
		D695277224483E1400EFE9FF /* Main.storyboard in Resources */ = {isa = PBXBuildFile; fileRef = D695277024483E1400EFE9FF /* Main.storyboard */; };
		D695277424483E1500EFE9FF /* Assets.xcassets in Resources */ = {isa = PBXBuildFile; fileRef = D695277324483E1500EFE9FF /* Assets.xcassets */; };
		D695277724483E1500EFE9FF /* LaunchScreen.storyboard in Resources */ = {isa = PBXBuildFile; fileRef = D695277524483E1500EFE9FF /* LaunchScreen.storyboard */; };
		D695277F24483E4E00EFE9FF /* Flag.swift in Sources */ = {isa = PBXBuildFile; fileRef = D695277E24483E4E00EFE9FF /* Flag.swift */; };
		D69527812448406A00EFE9FF /* FlagTableViewController.swift in Sources */ = {isa = PBXBuildFile; fileRef = D69527802448406A00EFE9FF /* FlagTableViewController.swift */; };
/* End PBXBuildFile section */

/* Begin PBXFileReference section */
		D695276924483E1400EFE9FF /* Flags Of The World.app */ = {isa = PBXFileReference; explicitFileType = wrapper.application; includeInIndex = 0; path = "Flags Of The World.app"; sourceTree = BUILT_PRODUCTS_DIR; };
		D695276C24483E1400EFE9FF /* AppDelegate.swift */ = {isa = PBXFileReference; lastKnownFileType = sourcecode.swift; path = AppDelegate.swift; sourceTree = "<group>"; };
		D695277124483E1400EFE9FF /* Base */ = {isa = PBXFileReference; lastKnownFileType = file.storyboard; name = Base; path = Base.lproj/Main.storyboard; sourceTree = "<group>"; };
		D695277324483E1500EFE9FF /* Assets.xcassets */ = {isa = PBXFileReference; lastKnownFileType = folder.assetcatalog; path = Assets.xcassets; sourceTree = "<group>"; };
		D695277624483E1500EFE9FF /* Base */ = {isa = PBXFileReference; lastKnownFileType = file.storyboard; name = Base; path = Base.lproj/LaunchScreen.storyboard; sourceTree = "<group>"; };
		D695277824483E1500EFE9FF /* Info.plist */ = {isa = PBXFileReference; lastKnownFileType = text.plist.xml; path = Info.plist; sourceTree = "<group>"; };
		D695277E24483E4E00EFE9FF /* Flag.swift */ = {isa = PBXFileReference; lastKnownFileType = sourcecode.swift; path = Flag.swift; sourceTree = "<group>"; };
		D69527802448406A00EFE9FF /* FlagTableViewController.swift */ = {isa = PBXFileReference; lastKnownFileType = sourcecode.swift; path = FlagTableViewController.swift; sourceTree = "<group>"; };
/* End PBXFileReference section */

/* Begin PBXFrameworksBuildPhase section */
		D695276624483E1400EFE9FF /* Frameworks */ = {
			isa = PBXFrameworksBuildPhase;
			buildActionMask = 2147483647;
			files = (
			);
			runOnlyForDeploymentPostprocessing = 0;
		};
/* End PBXFrameworksBuildPhase section */

/* Begin PBXGroup section */
		D695276024483E1400EFE9FF = {
			isa = PBXGroup;
			children = (
				D695276B24483E1400EFE9FF /* Flags Of The World */,
				D695276A24483E1400EFE9FF /* Products */,
			);
			sourceTree = "<group>";
		};
		D695276A24483E1400EFE9FF /* Products */ = {
			isa = PBXGroup;
			children = (
				D695276924483E1400EFE9FF /* Flags Of The World.app */,
			);
			name = Products;
			sourceTree = "<group>";
		};
		D695276B24483E1400EFE9FF /* Flags Of The World */ = {
			isa = PBXGroup;
			children = (
				D695276C24483E1400EFE9FF /* AppDelegate.swift */,
				D695277E24483E4E00EFE9FF /* Flag.swift */,
				D695277024483E1400EFE9FF /* Main.storyboard */,
				D69527802448406A00EFE9FF /* FlagTableViewController.swift */,
				D695277324483E1500EFE9FF /* Assets.xcassets */,
				D695277524483E1500EFE9FF /* LaunchScreen.storyboard */,
				D695277824483E1500EFE9FF /* Info.plist */,
			);
			path = "Flags Of The World";
			sourceTree = "<group>";
		};
/* End PBXGroup section */

/* Begin PBXNativeTarget section */
		D695276824483E1400EFE9FF /* Flags Of The World */ = {
			isa = PBXNativeTarget;
			buildConfigurationList = D695277B24483E1500EFE9FF /* Build configuration list for PBXNativeTarget "Flags Of The World" */;
			buildPhases = (
				D695276524483E1400EFE9FF /* Sources */,
				D695276624483E1400EFE9FF /* Frameworks */,
				D695276724483E1400EFE9FF /* Resources */,
			);
			buildRules = (
			);
			dependencies = (
			);
			name = "Flags Of The World";
			productName = "Flags Of The World";
			productReference = D695276924483E1400EFE9FF /* Flags Of The World.app */;
			productType = "com.apple.product-type.application";
		};
/* End PBXNativeTarget section */

/* Begin PBXProject section */
		D695276124483E1400EFE9FF /* Project object */ = {
			isa = PBXProject;
			attributes = {
				LastSwiftUpdateCheck = 1030;
				LastUpgradeCheck = 1030;
				ORGANIZATIONNAME = priyam;
				TargetAttributes = {
					D695276824483E1400EFE9FF = {
						CreatedOnToolsVersion = 10.3;
					};
				};
			};
			buildConfigurationList = D695276424483E1400EFE9FF /* Build configuration list for PBXProject "Flags Of The World" */;
			compatibilityVersion = "Xcode 9.3";
			developmentRegion = en;
			hasScannedForEncodings = 0;
			knownRegions = (
				en,
				Base,
			);
			mainGroup = D695276024483E1400EFE9FF;
			productRefGroup = D695276A24483E1400EFE9FF /* Products */;
			projectDirPath = "";
			projectRoot = "";
			targets = (
				D695276824483E1400EFE9FF /* Flags Of The World */,
			);
		};
/* End PBXProject section */

/* Begin PBXResourcesBuildPhase section */
		D695276724483E1400EFE9FF /* Resources */ = {
			isa = PBXResourcesBuildPhase;
			buildActionMask = 2147483647;
			files = (
				D695277724483E1500EFE9FF /* LaunchScreen.storyboard in Resources */,
				D695277424483E1500EFE9FF /* Assets.xcassets in Resources */,
				D695277224483E1400EFE9FF /* Main.storyboard in Resources */,
			);
			runOnlyForDeploymentPostprocessing = 0;
		};
/* End PBXResourcesBuildPhase section */

/* Begin PBXSourcesBuildPhase section */
		D695276524483E1400EFE9FF /* Sources */ = {
			isa = PBXSourcesBuildPhase;
			buildActionMask = 2147483647;
			files = (
				D695276D24483E1400EFE9FF /* AppDelegate.swift in Sources */,
				D695277F24483E4E00EFE9FF /* Flag.swift in Sources */,
				D69527812448406A00EFE9FF /* FlagTableViewController.swift in Sources */,
			);
			runOnlyForDeploymentPostprocessing = 0;
		};
/* End PBXSourcesBuildPhase section */

/* Begin PBXVariantGroup section */
		D695277024483E1400EFE9FF /* Main.storyboard */ = {
			isa = PBXVariantGroup;
			children = (
				D695277124483E1400EFE9FF /* Base */,
			);
			name = Main.storyboard;
			sourceTree = "<group>";
		};
		D695277524483E1500EFE9FF /* LaunchScreen.storyboard */ = {
			isa = PBXVariantGroup;
			children = (
				D695277624483E1500EFE9FF /* Base */,
			);
			name = LaunchScreen.storyboard;
			sourceTree = "<group>";
		};
/* End PBXVariantGroup section */

/* Begin XCBuildConfiguration section */
		D695277924483E1500EFE9FF /* Debug */ = {
			isa = XCBuildConfiguration;
			buildSettings = {
				ALWAYS_SEARCH_USER_PATHS = NO;
				CLANG_ANALYZER_NONNULL = YES;
				CLANG_ANALYZER_NUMBER_OBJECT_CONVERSION = YES_AGGRESSIVE;
				CLANG_CXX_LANGUAGE_STANDARD = "gnu++14";
				CLANG_CXX_LIBRARY = "libc++";
				CLANG_ENABLE_MODULES = YES;
				CLANG_ENABLE_OBJC_ARC = YES;
				CLANG_ENABLE_OBJC_WEAK = YES;
				CLANG_WARN_BLOCK_CAPTURE_AUTORELEASING = YES;
				CLANG_WARN_BOOL_CONVERSION = YES;
				CLANG_WARN_COMMA = YES;
				CLANG_WARN_CONSTANT_CONVERSION = YES;
				CLANG_WARN_DEPRECATED_OBJC_IMPLEMENTATIONS = YES;
				CLANG_WARN_DIRECT_OBJC_ISA_USAGE = YES_ERROR;
				CLANG_WARN_DOCUMENTATION_COMMENTS = YES;
				CLANG_WARN_EMPTY_BODY = YES;
				CLANG_WARN_ENUM_CONVERSION = YES;
				CLANG_WARN_INFINITE_RECURSION = YES;
				CLANG_WARN_INT_CONVERSION = YES;
				CLANG_WARN_NON_LITERAL_NULL_CONVERSION = YES;
				CLANG_WARN_OBJC_IMPLICIT_RETAIN_SELF = YES;
				CLANG_WARN_OBJC_LITERAL_CONVERSION = YES;
				CLANG_WARN_OBJC_ROOT_CLASS = YES_ERROR;
				CLANG_WARN_RANGE_LOOP_ANALYSIS = YES;
				CLANG_WARN_STRICT_PROTOTYPES = YES;
				CLANG_WARN_SUSPICIOUS_MOVE = YES;
				CLANG_WARN_UNGUARDED_AVAILABILITY = YES_AGGRESSIVE;
				CLANG_WARN_UNREACHABLE_CODE = YES;
				CLANG_WARN__DUPLICATE_METHOD_MATCH = YES;
				CODE_SIGN_IDENTITY = "iPhone Developer";
				COPY_PHASE_STRIP = NO;
				DEBUG_INFORMATION_FORMAT = dwarf;
				ENABLE_STRICT_OBJC_MSGSEND = YES;
				ENABLE_TESTABILITY = YES;
				GCC_C_LANGUAGE_STANDARD = gnu11;
				GCC_DYNAMIC_NO_PIC = NO;
				GCC_NO_COMMON_BLOCKS = YES;
				GCC_OPTIMIZATION_LEVEL = 0;
				GCC_PREPROCESSOR_DEFINITIONS = (
					"DEBUG=1",
					"$(inherited)",
				);
				GCC_WARN_64_TO_32_BIT_CONVERSION = YES;
				GCC_WARN_ABOUT_RETURN_TYPE = YES_ERROR;
				GCC_WARN_UNDECLARED_SELECTOR = YES;
				GCC_WARN_UNINITIALIZED_AUTOS = YES_AGGRESSIVE;
				GCC_WARN_UNUSED_FUNCTION = YES;
				GCC_WARN_UNUSED_VARIABLE = YES;
				IPHONEOS_DEPLOYMENT_TARGET = 12.4;
				MTL_ENABLE_DEBUG_INFO = INCLUDE_SOURCE;
				MTL_FAST_MATH = YES;
				ONLY_ACTIVE_ARCH = YES;
				SDKROOT = iphoneos;
				SWIFT_ACTIVE_COMPILATION_CONDITIONS = DEBUG;
				SWIFT_OPTIMIZATION_LEVEL = "-Onone";
			};
			name = Debug;
		};
		D695277A24483E1500EFE9FF /* Release */ = {
			isa = XCBuildConfiguration;
			buildSettings = {
				ALWAYS_SEARCH_USER_PATHS = NO;
				CLANG_ANALYZER_NONNULL = YES;
				CLANG_ANALYZER_NUMBER_OBJECT_CONVERSION = YES_AGGRESSIVE;
				CLANG_CXX_LANGUAGE_STANDARD = "gnu++14";
				CLANG_CXX_LIBRARY = "libc++";
				CLANG_ENABLE_MODULES = YES;
				CLANG_ENABLE_OBJC_ARC = YES;
				CLANG_ENABLE_OBJC_WEAK = YES;
				CLANG_WARN_BLOCK_CAPTURE_AUTORELEASING = YES;
				CLANG_WARN_BOOL_CONVERSION = YES;
				CLANG_WARN_COMMA = YES;
				CLANG_WARN_CONSTANT_CONVERSION = YES;
				CLANG_WARN_DEPRECATED_OBJC_IMPLEMENTATIONS = YES;
				CLANG_WARN_DIRECT_OBJC_ISA_USAGE = YES_ERROR;
				CLANG_WARN_DOCUMENTATION_COMMENTS = YES;
				CLANG_WARN_EMPTY_BODY = YES;
				CLANG_WARN_ENUM_CONVERSION = YES;
				CLANG_WARN_INFINITE_RECURSION = YES;
				CLANG_WARN_INT_CONVERSION = YES;
				CLANG_WARN_NON_LITERAL_NULL_CONVERSION = YES;
				CLANG_WARN_OBJC_IMPLICIT_RETAIN_SELF = YES;
				CLANG_WARN_OBJC_LITERAL_CONVERSION = YES;
				CLANG_WARN_OBJC_ROOT_CLASS = YES_ERROR;
				CLANG_WARN_RANGE_LOOP_ANALYSIS = YES;
				CLANG_WARN_STRICT_PROTOTYPES = YES;
				CLANG_WARN_SUSPICIOUS_MOVE = YES;
				CLANG_WARN_UNGUARDED_AVAILABILITY = YES_AGGRESSIVE;
				CLANG_WARN_UNREACHABLE_CODE = YES;
				CLANG_WARN__DUPLICATE_METHOD_MATCH = YES;
				CODE_SIGN_IDENTITY = "iPhone Developer";
				COPY_PHASE_STRIP = NO;
				DEBUG_INFORMATION_FORMAT = "dwarf-with-dsym";
				ENABLE_NS_ASSERTIONS = NO;
				ENABLE_STRICT_OBJC_MSGSEND = YES;
				GCC_C_LANGUAGE_STANDARD = gnu11;
				GCC_NO_COMMON_BLOCKS = YES;
				GCC_WARN_64_TO_32_BIT_CONVERSION = YES;
				GCC_WARN_ABOUT_RETURN_TYPE = YES_ERROR;
				GCC_WARN_UNDECLARED_SELECTOR = YES;
				GCC_WARN_UNINITIALIZED_AUTOS = YES_AGGRESSIVE;
				GCC_WARN_UNUSED_FUNCTION = YES;
				GCC_WARN_UNUSED_VARIABLE = YES;
				IPHONEOS_DEPLOYMENT_TARGET = 12.4;
				MTL_ENABLE_DEBUG_INFO = NO;
				MTL_FAST_MATH = YES;
				SDKROOT = iphoneos;
				SWIFT_COMPILATION_MODE = wholemodule;
				SWIFT_OPTIMIZATION_LEVEL = "-O";
				VALIDATE_PRODUCT = YES;
			};
			name = Release;
		};
		D695277C24483E1500EFE9FF /* Debug */ = {
			isa = XCBuildConfiguration;
			buildSettings = {
				ASSETCATALOG_COMPILER_APPICON_NAME = AppIcon;
				CODE_SIGN_STYLE = Automatic;
				INFOPLIST_FILE = "Flags Of The World/Info.plist";
				LD_RUNPATH_SEARCH_PATHS = (
					"$(inherited)",
					"@executable_path/Frameworks",
				);
				PRODUCT_BUNDLE_IDENTIFIER = "priyam.Flags-Of-The-World";
				PRODUCT_NAME = "$(TARGET_NAME)";
				SWIFT_VERSION = 5.0;
				TARGETED_DEVICE_FAMILY = "1,2";
			};
			name = Debug;
		};
		D695277D24483E1500EFE9FF /* Release */ = {
			isa = XCBuildConfiguration;
			buildSettings = {
				ASSETCATALOG_COMPILER_APPICON_NAME = AppIcon;
				CODE_SIGN_STYLE = Automatic;
				INFOPLIST_FILE = "Flags Of The World/Info.plist";
				LD_RUNPATH_SEARCH_PATHS = (
					"$(inherited)",
					"@executable_path/Frameworks",
				);
				PRODUCT_BUNDLE_IDENTIFIER = "priyam.Flags-Of-The-World";
				PRODUCT_NAME = "$(TARGET_NAME)";
				SWIFT_VERSION = 5.0;
				TARGETED_DEVICE_FAMILY = "1,2";
			};
			name = Release;
		};
/* End XCBuildConfiguration section */

/* Begin XCConfigurationList section */
		D695276424483E1400EFE9FF /* Build configuration list for PBXProject "Flags Of The World" */ = {
			isa = XCConfigurationList;
			buildConfigurations = (
				D695277924483E1500EFE9FF /* Debug */,
				D695277A24483E1500EFE9FF /* Release */,
			);
			defaultConfigurationIsVisible = 0;
			defaultConfigurationName = Release;
		};
		D695277B24483E1500EFE9FF /* Build configuration list for PBXNativeTarget "Flags Of The World" */ = {
			isa = XCConfigurationList;
			buildConfigurations = (
				D695277C24483E1500EFE9FF /* Debug */,
				D695277D24483E1500EFE9FF /* Release */,
			);
			defaultConfigurationIsVisible = 0;
			defaultConfigurationName = Release;
		};
/* End XCConfigurationList section */
	};
	rootObject = D695276124483E1400EFE9FF /* Project object */;
}
